
Microsoft Visual Studio Solution File, Format Version 12.00
Project("{FAE04EC0-301F-11D3-BF4B-00C04F79EFBC}") = "Homework3", "Homework3.csproj", "{06CB1DB8-7269-475D-819F-677A9025F134}"
EndProject
Global
	GlobalSection(SolutionConfigurationPlatforms) = preSolution
		Debug|Any CPU = Debug|Any CPU
		Release|Any CPU = Release|Any CPU
	EndGlobalSection
	GlobalSection(ProjectConfigurationPlatforms) = postSolution
		{06CB1DB8-7269-475D-819F-677A9025F134}.Debug|Any CPU.ActiveCfg = Debug|Any CPU
		{06CB1DB8-7269-475D-819F-677A9025F134}.Debug|Any CPU.Build.0 = Debug|Any CPU
		{06CB1DB8-7269-475D-819F-677A9025F134}.Release|Any CPU.ActiveCfg = Release|Any CPU
		{06CB1DB8-7269-475D-819F-677A9025F134}.Release|Any CPU.Build.0 = Release|Any CPU
	EndGlobalSection
EndGlobal
